
Microsoft Visual Studio Solution File, Format Version 12.00
# Visual Studio Version 16
VisualStudioVersion = 16.0.33927.289
MinimumVisualStudioVersion = 10.0.40219.1
Project("{8BC9CEB8-8B4A-11D0-8D11-00A0C91BC942}") = "Lab7", "Lab7.vcxproj", "{162A5BF8-7036-4810-9FCD-10B897E587DF}"
EndProject
Global
	GlobalSection(SolutionConfigurationPlatforms) = preSolution
		Debug|x64 = Debug|x64
		Debug|x86 = Debug|x86
		Release|x64 = Release|x64
		Release|x86 = Release|x86
	EndGlobalSection
	GlobalSection(ProjectConfigurationPlatforms) = postSolution
		{162A5BF8-7036-4810-9FCD-10B897E587DF}.Debug|x64.ActiveCfg = Debug|x64
		{162A5BF8-7036-4810-9FCD-10B897E587DF}.Debug|x64.Build.0 = Debug|x64
		{162A5BF8-7036-4810-9FCD-10B897E587DF}.Debug|x86.ActiveCfg = Debug|Win32
		{162A5BF8-7036-4810-9FCD-10B897E587DF}.Debug|x86.Build.0 = Debug|Win32
		{162A5BF8-7036-4810-9FCD-10B897E587DF}.Release|x64.ActiveCfg = Release|x64
		{162A5BF8-7036-4810-9FCD-10B897E587DF}.Release|x64.Build.0 = Release|x64
		{162A5BF8-7036-4810-9FCD-10B897E587DF}.Release|x86.ActiveCfg = Release|Win32
		{162A5BF8-7036-4810-9FCD-10B897E587DF}.Release|x86.Build.0 = Release|Win32
	EndGlobalSection
	GlobalSection(SolutionProperties) = preSolution
		HideSolutionNode = FALSE
	EndGlobalSection
	GlobalSection(ExtensibilityGlobals) = postSolution
		SolutionGuid = {EA4BF99B-13D3-487B-B7FB-56FF2ABDD9CA}
	EndGlobalSection
EndGlobal
